
Microsoft Visual Studio Solution File, Format Version 12.00
# Visual Studio Version 16
VisualStudioVersion = 16.0.29911.84
MinimumVisualStudioVersion = 10.0.40219.1
Project("{FAE04EC0-301F-11D3-BF4B-00C04F79EFBC}") = "ExeternExeRunner", "ExeternExeRunner\ExeternExeRunner.csproj", "{AFF0135A-C5F3-4080-B7EE-722D217CAB81}"
EndProject
Project("{FAE04EC0-301F-11D3-BF4B-00C04F79EFBC}") = "ExternExeRunnerTest", "ExternExeRunnerTest\ExternExeRunnerTest.csproj", "{A9E34308-6DE4-4770-B337-BEE01AF32D0D}"
EndProject
Global
	GlobalSection(SolutionConfigurationPlatforms) = preSolution
		Debug|Any CPU = Debug|Any CPU
		Release|Any CPU = Release|Any CPU
	EndGlobalSection
	GlobalSection(ProjectConfigurationPlatforms) = postSolution
		{AFF0135A-C5F3-4080-B7EE-722D217CAB81}.Debug|Any CPU.ActiveCfg = Debug|Any CPU
		{AFF0135A-C5F3-4080-B7EE-722D217CAB81}.Debug|Any CPU.Build.0 = Debug|Any CPU
		{AFF0135A-C5F3-4080-B7EE-722D217CAB81}.Release|Any CPU.ActiveCfg = Release|Any CPU
		{AFF0135A-C5F3-4080-B7EE-722D217CAB81}.Release|Any CPU.Build.0 = Release|Any CPU
		{A9E34308-6DE4-4770-B337-BEE01AF32D0D}.Debug|Any CPU.ActiveCfg = Debug|Any CPU
		{A9E34308-6DE4-4770-B337-BEE01AF32D0D}.Debug|Any CPU.Build.0 = Debug|Any CPU
		{A9E34308-6DE4-4770-B337-BEE01AF32D0D}.Release|Any CPU.ActiveCfg = Release|Any CPU
		{A9E34308-6DE4-4770-B337-BEE01AF32D0D}.Release|Any CPU.Build.0 = Release|Any CPU
	EndGlobalSection
	GlobalSection(SolutionProperties) = preSolution
		HideSolutionNode = FALSE
	EndGlobalSection
	GlobalSection(ExtensibilityGlobals) = postSolution
		SolutionGuid = {515823F2-D7F9-40F1-81B0-0D92BCC60871}
	EndGlobalSection
EndGlobal
